// !$*UTF8*$!
{
	archiveVersion = 1;
	classes = {
	};
	objectVersion = 46;
	objects = {

/* Begin PBXBuildFile section */
		972719721D5BB49800149251 /* DetailController.swift in Sources */ = {isa = PBXBuildFile; fileRef = 972719711D5BB49800149251 /* DetailController.swift */; };
		9727A4FE1D5BD2D30076F98A /* Data.swift in Sources */ = {isa = PBXBuildFile; fileRef = 9727A4FD1D5BD2D30076F98A /* Data.swift */; };
		9727A5031D5BDF0B0076F98A /* PaymentCell.swift in Sources */ = {isa = PBXBuildFile; fileRef = 9727A5011D5BDF0B0076F98A /* PaymentCell.swift */; };
		9727A5041D5BDF0B0076F98A /* PaymentCell.xib in Resources */ = {isa = PBXBuildFile; fileRef = 9727A5021D5BDF0B0076F98A /* PaymentCell.xib */; };
		97484F611D5DA1050056912B /* HeaderCell.swift in Sources */ = {isa = PBXBuildFile; fileRef = 97484F5F1D5DA1050056912B /* HeaderCell.swift */; };
		97484F621D5DA1050056912B /* HeaderCell.xib in Resources */ = {isa = PBXBuildFile; fileRef = 97484F601D5DA1050056912B /* HeaderCell.xib */; };
		97484F641D5DAC0A0056912B /* Payment.swift in Sources */ = {isa = PBXBuildFile; fileRef = 97484F631D5DAC0A0056912B /* Payment.swift */; };
		977F23591D5DE8670054F075 /* Payments.plist in Resources */ = {isa = PBXBuildFile; fileRef = 977F23581D5DE8670054F075 /* Payments.plist */; };
		977F235B1D5DE9F00054F075 /* PaymentRepository.swift in Sources */ = {isa = PBXBuildFile; fileRef = 977F235A1D5DE9F00054F075 /* PaymentRepository.swift */; };
		977F235D1D5E38F10054F075 /* PaymentType.xib in Resources */ = {isa = PBXBuildFile; fileRef = 977F235C1D5E38F10054F075 /* PaymentType.xib */; };
		977F235F1D5E54C10054F075 /* Modal.swift in Sources */ = {isa = PBXBuildFile; fileRef = 977F235E1D5E54C10054F075 /* Modal.swift */; };
		97A315FF1D69A93600A2A28D /* AllListsController.swift in Sources */ = {isa = PBXBuildFile; fileRef = 97A315FE1D69A93600A2A28D /* AllListsController.swift */; };
		97A53F711D16A8B800BED436 /* AppDelegate.swift in Sources */ = {isa = PBXBuildFile; fileRef = 97A53F701D16A8B800BED436 /* AppDelegate.swift */; };
		97A53F731D16A8B800BED436 /* ViewController.swift in Sources */ = {isa = PBXBuildFile; fileRef = 97A53F721D16A8B800BED436 /* ViewController.swift */; };
		97A53F761D16A8B800BED436 /* Main.storyboard in Resources */ = {isa = PBXBuildFile; fileRef = 97A53F741D16A8B800BED436 /* Main.storyboard */; };
		97A53F781D16A8B800BED436 /* Assets.xcassets in Resources */ = {isa = PBXBuildFile; fileRef = 97A53F771D16A8B800BED436 /* Assets.xcassets */; };
		97A53F7B1D16A8B800BED436 /* LaunchScreen.storyboard in Resources */ = {isa = PBXBuildFile; fileRef = 97A53F791D16A8B800BED436 /* LaunchScreen.storyboard */; };
		97A53F861D16A8B800BED436 /* SplitskyTests.swift in Sources */ = {isa = PBXBuildFile; fileRef = 97A53F851D16A8B800BED436 /* SplitskyTests.swift */; };
		97A53F911D16A8B800BED436 /* SplitskyUITests.swift in Sources */ = {isa = PBXBuildFile; fileRef = 97A53F901D16A8B800BED436 /* SplitskyUITests.swift */; };
/* End PBXBuildFile section */

/* Begin PBXContainerItemProxy section */
		97A53F821D16A8B800BED436 /* PBXContainerItemProxy */ = {
			isa = PBXContainerItemProxy;
			containerPortal = 97A53F651D16A8B700BED436 /* Project object */;
			proxyType = 1;
			remoteGlobalIDString = 97A53F6C1D16A8B800BED436;
			remoteInfo = splitsky;
		};
		97A53F8D1D16A8B800BED436 /* PBXContainerItemProxy */ = {
			isa = PBXContainerItemProxy;
			containerPortal = 97A53F651D16A8B700BED436 /* Project object */;
			proxyType = 1;
			remoteGlobalIDString = 97A53F6C1D16A8B800BED436;
			remoteInfo = splitsky;
		};
/* End PBXContainerItemProxy section */

/* Begin PBXFileReference section */
		972719711D5BB49800149251 /* DetailController.swift */ = {isa = PBXFileReference; fileEncoding = 4; lastKnownFileType = sourcecode.swift; path = DetailController.swift; sourceTree = "<group>"; };
		9727A4FD1D5BD2D30076F98A /* Data.swift */ = {isa = PBXFileReference; fileEncoding = 4; lastKnownFileType = sourcecode.swift; path = Data.swift; sourceTree = "<group>"; };
		9727A5011D5BDF0B0076F98A /* PaymentCell.swift */ = {isa = PBXFileReference; fileEncoding = 4; lastKnownFileType = sourcecode.swift; path = PaymentCell.swift; sourceTree = "<group>"; };
		9727A5021D5BDF0B0076F98A /* PaymentCell.xib */ = {isa = PBXFileReference; fileEncoding = 4; lastKnownFileType = file.xib; path = PaymentCell.xib; sourceTree = "<group>"; };
		97484F5F1D5DA1050056912B /* HeaderCell.swift */ = {isa = PBXFileReference; fileEncoding = 4; lastKnownFileType = sourcecode.swift; path = HeaderCell.swift; sourceTree = "<group>"; };
		97484F601D5DA1050056912B /* HeaderCell.xib */ = {isa = PBXFileReference; fileEncoding = 4; lastKnownFileType = file.xib; path = HeaderCell.xib; sourceTree = "<group>"; };
		97484F631D5DAC0A0056912B /* Payment.swift */ = {isa = PBXFileReference; fileEncoding = 4; lastKnownFileType = sourcecode.swift; path = Payment.swift; sourceTree = "<group>"; };
		977F23581D5DE8670054F075 /* Payments.plist */ = {isa = PBXFileReference; fileEncoding = 4; lastKnownFileType = text.plist.xml; path = Payments.plist; sourceTree = "<group>"; };
		977F235A1D5DE9F00054F075 /* PaymentRepository.swift */ = {isa = PBXFileReference; fileEncoding = 4; lastKnownFileType = sourcecode.swift; path = PaymentRepository.swift; sourceTree = "<group>"; };
		977F235C1D5E38F10054F075 /* PaymentType.xib */ = {isa = PBXFileReference; fileEncoding = 4; lastKnownFileType = file.xib; path = PaymentType.xib; sourceTree = "<group>"; };
		977F235E1D5E54C10054F075 /* Modal.swift */ = {isa = PBXFileReference; fileEncoding = 4; lastKnownFileType = sourcecode.swift; path = Modal.swift; sourceTree = "<group>"; };
		97A315FE1D69A93600A2A28D /* AllListsController.swift */ = {isa = PBXFileReference; fileEncoding = 4; lastKnownFileType = sourcecode.swift; path = AllListsController.swift; sourceTree = "<group>"; };
		97A53F6D1D16A8B800BED436 /* Splitsky.app */ = {isa = PBXFileReference; explicitFileType = wrapper.application; includeInIndex = 0; path = Splitsky.app; sourceTree = BUILT_PRODUCTS_DIR; };
		97A53F701D16A8B800BED436 /* AppDelegate.swift */ = {isa = PBXFileReference; lastKnownFileType = sourcecode.swift; path = AppDelegate.swift; sourceTree = "<group>"; };
		97A53F721D16A8B800BED436 /* ViewController.swift */ = {isa = PBXFileReference; lastKnownFileType = sourcecode.swift; path = ViewController.swift; sourceTree = "<group>"; };
		97A53F751D16A8B800BED436 /* Base */ = {isa = PBXFileReference; lastKnownFileType = file.storyboard; name = Base; path = Base.lproj/Main.storyboard; sourceTree = "<group>"; };
		97A53F771D16A8B800BED436 /* Assets.xcassets */ = {isa = PBXFileReference; lastKnownFileType = folder.assetcatalog; path = Assets.xcassets; sourceTree = "<group>"; };
		97A53F7A1D16A8B800BED436 /* Base */ = {isa = PBXFileReference; lastKnownFileType = file.storyboard; name = Base; path = Base.lproj/LaunchScreen.storyboard; sourceTree = "<group>"; };
		97A53F7C1D16A8B800BED436 /* Info.plist */ = {isa = PBXFileReference; lastKnownFileType = text.plist.xml; path = Info.plist; sourceTree = "<group>"; };
		97A53F811D16A8B800BED436 /* Splitsky.xctest */ = {isa = PBXFileReference; explicitFileType = wrapper.cfbundle; includeInIndex = 0; path = Splitsky.xctest; sourceTree = BUILT_PRODUCTS_DIR; };
		97A53F851D16A8B800BED436 /* SplitskyTests.swift */ = {isa = PBXFileReference; lastKnownFileType = sourcecode.swift; path = SplitskyTests.swift; sourceTree = "<group>"; };
		97A53F871D16A8B800BED436 /* Info.plist */ = {isa = PBXFileReference; lastKnownFileType = text.plist.xml; path = Info.plist; sourceTree = "<group>"; };
		97A53F8C1D16A8B800BED436 /* Splitsky.xctest */ = {isa = PBXFileReference; explicitFileType = wrapper.cfbundle; includeInIndex = 0; path = Splitsky.xctest; sourceTree = BUILT_PRODUCTS_DIR; };
		97A53F901D16A8B800BED436 /* SplitskyUITests.swift */ = {isa = PBXFileReference; lastKnownFileType = sourcecode.swift; path = SplitskyUITests.swift; sourceTree = "<group>"; };
		97A53F921D16A8B800BED436 /* Info.plist */ = {isa = PBXFileReference; lastKnownFileType = text.plist.xml; path = Info.plist; sourceTree = "<group>"; };
/* End PBXFileReference section */

/* Begin PBXFrameworksBuildPhase section */
		97A53F6A1D16A8B800BED436 /* Frameworks */ = {
			isa = PBXFrameworksBuildPhase;
			buildActionMask = 2147483647;
			files = (
			);
			runOnlyForDeploymentPostprocessing = 0;
		};
		97A53F7E1D16A8B800BED436 /* Frameworks */ = {
			isa = PBXFrameworksBuildPhase;
			buildActionMask = 2147483647;
			files = (
			);
			runOnlyForDeploymentPostprocessing = 0;
		};
		97A53F891D16A8B800BED436 /* Frameworks */ = {
			isa = PBXFrameworksBuildPhase;
			buildActionMask = 2147483647;
			files = (
			);
			runOnlyForDeploymentPostprocessing = 0;
		};
/* End PBXFrameworksBuildPhase section */

/* Begin PBXGroup section */
		97A53F641D16A8B700BED436 = {
			isa = PBXGroup;
			children = (
				97A53F6F1D16A8B800BED436 /* Splitsky */,
				97A53F841D16A8B800BED436 /* SplitskyTests */,
				97A53F8F1D16A8B800BED436 /* SplitskyUITests */,
				97A53F6E1D16A8B800BED436 /* Products */,
			);
			sourceTree = "<group>";
		};
		97A53F6E1D16A8B800BED436 /* Products */ = {
			isa = PBXGroup;
			children = (
				97A53F6D1D16A8B800BED436 /* Splitsky.app */,
				97A53F811D16A8B800BED436 /* Splitsky.xctest */,
				97A53F8C1D16A8B800BED436 /* Splitsky.xctest */,
			);
			name = Products;
			sourceTree = "<group>";
		};
		97A53F6F1D16A8B800BED436 /* Splitsky */ = {
			isa = PBXGroup;
			children = (
				977F235E1D5E54C10054F075 /* Modal.swift */,
				97A53F701D16A8B800BED436 /* AppDelegate.swift */,
				97A53F721D16A8B800BED436 /* ViewController.swift */,
				97A53F741D16A8B800BED436 /* Main.storyboard */,
				97A53F771D16A8B800BED436 /* Assets.xcassets */,
				97A53F791D16A8B800BED436 /* LaunchScreen.storyboard */,
				97A53F7C1D16A8B800BED436 /* Info.plist */,
				972719711D5BB49800149251 /* DetailController.swift */,
				9727A4FD1D5BD2D30076F98A /* Data.swift */,
				9727A5011D5BDF0B0076F98A /* PaymentCell.swift */,
				9727A5021D5BDF0B0076F98A /* PaymentCell.xib */,
				97484F5F1D5DA1050056912B /* HeaderCell.swift */,
				97484F601D5DA1050056912B /* HeaderCell.xib */,
				97484F631D5DAC0A0056912B /* Payment.swift */,
				977F23581D5DE8670054F075 /* Payments.plist */,
				977F235A1D5DE9F00054F075 /* PaymentRepository.swift */,
				977F235C1D5E38F10054F075 /* PaymentType.xib */,
				97A315FE1D69A93600A2A28D /* AllListsController.swift */,
			);
			name = Splitsky;
			path = splitsky;
			sourceTree = "<group>";
		};
		97A53F841D16A8B800BED436 /* SplitskyTests */ = {
			isa = PBXGroup;
			children = (
				97A53F851D16A8B800BED436 /* SplitskyTests.swift */,
				97A53F871D16A8B800BED436 /* Info.plist */,
			);
			name = SplitskyTests;
			path = splitskyTests;
			sourceTree = "<group>";
		};
		97A53F8F1D16A8B800BED436 /* SplitskyUITests */ = {
			isa = PBXGroup;
			children = (
				97A53F901D16A8B800BED436 /* SplitskyUITests.swift */,
				97A53F921D16A8B800BED436 /* Info.plist */,
			);
			name = SplitskyUITests;
			path = splitskyUITests;
			sourceTree = "<group>";
		};
/* End PBXGroup section */

/* Begin PBXNativeTarget section */
		97A53F6C1D16A8B800BED436 /* Splitsky */ = {
			isa = PBXNativeTarget;
			buildConfigurationList = 97A53F951D16A8B800BED436 /* Build configuration list for PBXNativeTarget "Splitsky" */;
			buildPhases = (
				97A53F691D16A8B800BED436 /* Sources */,
				97A53F6A1D16A8B800BED436 /* Frameworks */,
				97A53F6B1D16A8B800BED436 /* Resources */,
			);
			buildRules = (
			);
			dependencies = (
			);
			name = Splitsky;
			productName = splitsky;
			productReference = 97A53F6D1D16A8B800BED436 /* Splitsky.app */;
			productType = "com.apple.product-type.application";
		};
		97A53F801D16A8B800BED436 /* SplitskyTests */ = {
			isa = PBXNativeTarget;
			buildConfigurationList = 97A53F981D16A8B800BED436 /* Build configuration list for PBXNativeTarget "SplitskyTests" */;
			buildPhases = (
				97A53F7D1D16A8B800BED436 /* Sources */,
				97A53F7E1D16A8B800BED436 /* Frameworks */,
				97A53F7F1D16A8B800BED436 /* Resources */,
			);
			buildRules = (
			);
			dependencies = (
				97A53F831D16A8B800BED436 /* PBXTargetDependency */,
			);
			name = SplitskyTests;
			productName = splitskyTests;
			productReference = 97A53F811D16A8B800BED436 /* Splitsky.xctest */;
			productType = "com.apple.product-type.bundle.unit-test";
		};
		97A53F8B1D16A8B800BED436 /* SplitskyUITests */ = {
			isa = PBXNativeTarget;
			buildConfigurationList = 97A53F9B1D16A8B800BED436 /* Build configuration list for PBXNativeTarget "SplitskyUITests" */;
			buildPhases = (
				97A53F881D16A8B800BED436 /* Sources */,
				97A53F891D16A8B800BED436 /* Frameworks */,
				97A53F8A1D16A8B800BED436 /* Resources */,
			);
			buildRules = (
			);
			dependencies = (
				97A53F8E1D16A8B800BED436 /* PBXTargetDependency */,
			);
			name = SplitskyUITests;
			productName = splitskyUITests;
			productReference = 97A53F8C1D16A8B800BED436 /* Splitsky.xctest */;
			productType = "com.apple.product-type.bundle.ui-testing";
		};
/* End PBXNativeTarget section */

/* Begin PBXProject section */
		97A53F651D16A8B700BED436 /* Project object */ = {
			isa = PBXProject;
			attributes = {
				LastSwiftUpdateCheck = 0730;
				LastUpgradeCheck = 0730;
				ORGANIZATIONNAME = "Spencer Ward";
				TargetAttributes = {
					97A53F6C1D16A8B800BED436 = {
						CreatedOnToolsVersion = 7.3.1;
						DevelopmentTeam = YWXKS4E5M8;
					};
					97A53F801D16A8B800BED436 = {
						CreatedOnToolsVersion = 7.3.1;
						TestTargetID = 97A53F6C1D16A8B800BED436;
					};
					97A53F8B1D16A8B800BED436 = {
						CreatedOnToolsVersion = 7.3.1;
						TestTargetID = 97A53F6C1D16A8B800BED436;
					};
				};
			};
			buildConfigurationList = 97A53F681D16A8B700BED436 /* Build configuration list for PBXProject "Splitsky" */;
			compatibilityVersion = "Xcode 3.2";
			developmentRegion = English;
			hasScannedForEncodings = 0;
			knownRegions = (
				en,
				Base,
			);
			mainGroup = 97A53F641D16A8B700BED436;
			productRefGroup = 97A53F6E1D16A8B800BED436 /* Products */;
			projectDirPath = "";
			projectRoot = "";
			targets = (
				97A53F6C1D16A8B800BED436 /* Splitsky */,
				97A53F801D16A8B800BED436 /* SplitskyTests */,
				97A53F8B1D16A8B800BED436 /* SplitskyUITests */,
			);
		};
/* End PBXProject section */

/* Begin PBXResourcesBuildPhase section */
		97A53F6B1D16A8B800BED436 /* Resources */ = {
			isa = PBXResourcesBuildPhase;
			buildActionMask = 2147483647;
			files = (
				97484F621D5DA1050056912B /* HeaderCell.xib in Resources */,
				977F235D1D5E38F10054F075 /* PaymentType.xib in Resources */,
				97A53F7B1D16A8B800BED436 /* LaunchScreen.storyboard in Resources */,
				97A53F781D16A8B800BED436 /* Assets.xcassets in Resources */,
				9727A5041D5BDF0B0076F98A /* PaymentCell.xib in Resources */,
				97A53F761D16A8B800BED436 /* Main.storyboard in Resources */,
				977F23591D5DE8670054F075 /* Payments.plist in Resources */,
			);
			runOnlyForDeploymentPostprocessing = 0;
		};
		97A53F7F1D16A8B800BED436 /* Resources */ = {
			isa = PBXResourcesBuildPhase;
			buildActionMask = 2147483647;
			files = (
			);
			runOnlyForDeploymentPostprocessing = 0;
		};
		97A53F8A1D16A8B800BED436 /* Resources */ = {
			isa = PBXResourcesBuildPhase;
			buildActionMask = 2147483647;
			files = (
			);
			runOnlyForDeploymentPostprocessing = 0;
		};
/* End PBXResourcesBuildPhase section */

/* Begin PBXSourcesBuildPhase section */
		97A53F691D16A8B800BED436 /* Sources */ = {
			isa = PBXSourcesBuildPhase;
			buildActionMask = 2147483647;
			files = (
				977F235B1D5DE9F00054F075 /* PaymentRepository.swift in Sources */,
				9727A5031D5BDF0B0076F98A /* PaymentCell.swift in Sources */,
				97A53F731D16A8B800BED436 /* ViewController.swift in Sources */,
				97484F641D5DAC0A0056912B /* Payment.swift in Sources */,
				972719721D5BB49800149251 /* DetailController.swift in Sources */,
				97A315FF1D69A93600A2A28D /* AllListsController.swift in Sources */,
				97A53F711D16A8B800BED436 /* AppDelegate.swift in Sources */,
				97484F611D5DA1050056912B /* HeaderCell.swift in Sources */,
				977F235F1D5E54C10054F075 /* Modal.swift in Sources */,
				9727A4FE1D5BD2D30076F98A /* Data.swift in Sources */,
			);
			runOnlyForDeploymentPostprocessing = 0;
		};
		97A53F7D1D16A8B800BED436 /* Sources */ = {
			isa = PBXSourcesBuildPhase;
			buildActionMask = 2147483647;
			files = (
				97A53F861D16A8B800BED436 /* SplitskyTests.swift in Sources */,
			);
			runOnlyForDeploymentPostprocessing = 0;
		};
		97A53F881D16A8B800BED436 /* Sources */ = {
			isa = PBXSourcesBuildPhase;
			buildActionMask = 2147483647;
			files = (
				97A53F911D16A8B800BED436 /* SplitskyUITests.swift in Sources */,
			);
			runOnlyForDeploymentPostprocessing = 0;
		};
/* End PBXSourcesBuildPhase section */

/* Begin PBXTargetDependency section */
		97A53F831D16A8B800BED436 /* PBXTargetDependency */ = {
			isa = PBXTargetDependency;
			target = 97A53F6C1D16A8B800BED436 /* Splitsky */;
			targetProxy = 97A53F821D16A8B800BED436 /* PBXContainerItemProxy */;
		};
		97A53F8E1D16A8B800BED436 /* PBXTargetDependency */ = {
			isa = PBXTargetDependency;
			target = 97A53F6C1D16A8B800BED436 /* Splitsky */;
			targetProxy = 97A53F8D1D16A8B800BED436 /* PBXContainerItemProxy */;
		};
/* End PBXTargetDependency section */

/* Begin PBXVariantGroup section */
		97A53F741D16A8B800BED436 /* Main.storyboard */ = {
			isa = PBXVariantGroup;
			children = (
				97A53F751D16A8B800BED436 /* Base */,
			);
			name = Main.storyboard;
			sourceTree = "<group>";
		};
		97A53F791D16A8B800BED436 /* LaunchScreen.storyboard */ = {
			isa = PBXVariantGroup;
			children = (
				97A53F7A1D16A8B800BED436 /* Base */,
			);
			name = LaunchScreen.storyboard;
			sourceTree = "<group>";
		};
/* End PBXVariantGroup section */

/* Begin XCBuildConfiguration section */
		97A53F931D16A8B800BED436 /* Debug */ = {
			isa = XCBuildConfiguration;
			buildSettings = {
				ALWAYS_SEARCH_USER_PATHS = NO;
				CLANG_ANALYZER_NONNULL = YES;
				CLANG_CXX_LANGUAGE_STANDARD = "gnu++0x";
				CLANG_CXX_LIBRARY = "libc++";
				CLANG_ENABLE_MODULES = YES;
				CLANG_ENABLE_OBJC_ARC = YES;
				CLANG_WARN_BOOL_CONVERSION = YES;
				CLANG_WARN_CONSTANT_CONVERSION = YES;
				CLANG_WARN_DIRECT_OBJC_ISA_USAGE = YES_ERROR;
				CLANG_WARN_EMPTY_BODY = YES;
				CLANG_WARN_ENUM_CONVERSION = YES;
				CLANG_WARN_INT_CONVERSION = YES;
				CLANG_WARN_OBJC_ROOT_CLASS = YES_ERROR;
				CLANG_WARN_UNREACHABLE_CODE = YES;
				CLANG_WARN__DUPLICATE_METHOD_MATCH = YES;
				"CODE_SIGN_IDENTITY[sdk=iphoneos*]" = "iPhone Developer";
				COPY_PHASE_STRIP = NO;
				DEBUG_INFORMATION_FORMAT = dwarf;
				ENABLE_STRICT_OBJC_MSGSEND = YES;
				ENABLE_TESTABILITY = YES;
				GCC_C_LANGUAGE_STANDARD = gnu99;
				GCC_DYNAMIC_NO_PIC = NO;
				GCC_NO_COMMON_BLOCKS = YES;
				GCC_OPTIMIZATION_LEVEL = 0;
				GCC_PREPROCESSOR_DEFINITIONS = (
					"DEBUG=1",
					"$(inherited)",
				);
				GCC_WARN_64_TO_32_BIT_CONVERSION = YES;
				GCC_WARN_ABOUT_RETURN_TYPE = YES_ERROR;
				GCC_WARN_UNDECLARED_SELECTOR = YES;
				GCC_WARN_UNINITIALIZED_AUTOS = YES_AGGRESSIVE;
				GCC_WARN_UNUSED_FUNCTION = YES;
				GCC_WARN_UNUSED_VARIABLE = YES;
				IPHONEOS_DEPLOYMENT_TARGET = 9.3;
				MTL_ENABLE_DEBUG_INFO = YES;
				ONLY_ACTIVE_ARCH = YES;
				SDKROOT = iphoneos;
				SWIFT_OPTIMIZATION_LEVEL = "-Onone";
			};
			name = Debug;
		};
		97A53F941D16A8B800BED436 /* Release */ = {
			isa = XCBuildConfiguration;
			buildSettings = {
				ALWAYS_SEARCH_USER_PATHS = NO;
				CLANG_ANALYZER_NONNULL = YES;
				CLANG_CXX_LANGUAGE_STANDARD = "gnu++0x";
				CLANG_CXX_LIBRARY = "libc++";
				CLANG_ENABLE_MODULES = YES;
				CLANG_ENABLE_OBJC_ARC = YES;
				CLANG_WARN_BOOL_CONVERSION = YES;
				CLANG_WARN_CONSTANT_CONVERSION = YES;
				CLANG_WARN_DIRECT_OBJC_ISA_USAGE = YES_ERROR;
				CLANG_WARN_EMPTY_BODY = YES;
				CLANG_WARN_ENUM_CONVERSION = YES;
				CLANG_WARN_INT_CONVERSION = YES;
				CLANG_WARN_OBJC_ROOT_CLASS = YES_ERROR;
				CLANG_WARN_UNREACHABLE_CODE = YES;
				CLANG_WARN__DUPLICATE_METHOD_MATCH = YES;
				"CODE_SIGN_IDENTITY[sdk=iphoneos*]" = "iPhone Developer";
				COPY_PHASE_STRIP = NO;
				DEBUG_INFORMATION_FORMAT = "dwarf-with-dsym";
				ENABLE_NS_ASSERTIONS = NO;
				ENABLE_STRICT_OBJC_MSGSEND = YES;
				GCC_C_LANGUAGE_STANDARD = gnu99;
				GCC_NO_COMMON_BLOCKS = YES;
				GCC_WARN_64_TO_32_BIT_CONVERSION = YES;
				GCC_WARN_ABOUT_RETURN_TYPE = YES_ERROR;
				GCC_WARN_UNDECLARED_SELECTOR = YES;
				GCC_WARN_UNINITIALIZED_AUTOS = YES_AGGRESSIVE;
				GCC_WARN_UNUSED_FUNCTION = YES;
				GCC_WARN_UNUSED_VARIABLE = YES;
				IPHONEOS_DEPLOYMENT_TARGET = 9.3;
				MTL_ENABLE_DEBUG_INFO = NO;
				SDKROOT = iphoneos;
				VALIDATE_PRODUCT = YES;
			};
			name = Release;
		};
		97A53F961D16A8B800BED436 /* Debug */ = {
			isa = XCBuildConfiguration;
			buildSettings = {
				ASSETCATALOG_COMPILER_APPICON_NAME = AppIcon;
				CODE_SIGN_IDENTITY = "iPhone Developer";
				INFOPLIST_FILE = splitsky/Info.plist;
				LD_RUNPATH_SEARCH_PATHS = "$(inherited) @executable_path/Frameworks";
				PRODUCT_BUNDLE_IDENTIFIER = Splitsky;
				PRODUCT_NAME = Splitsky;
			};
			name = Debug;
		};
		97A53F971D16A8B800BED436 /* Release */ = {
			isa = XCBuildConfiguration;
			buildSettings = {
				ASSETCATALOG_COMPILER_APPICON_NAME = AppIcon;
				CODE_SIGN_IDENTITY = "iPhone Developer";
				INFOPLIST_FILE = splitsky/Info.plist;
				LD_RUNPATH_SEARCH_PATHS = "$(inherited) @executable_path/Frameworks";
				PRODUCT_BUNDLE_IDENTIFIER = Splitsky;
				PRODUCT_NAME = Splitsky;
			};
			name = Release;
		};
		97A53F991D16A8B800BED436 /* Debug */ = {
			isa = XCBuildConfiguration;
			buildSettings = {
				BUNDLE_LOADER = "$(TEST_HOST)";
				INFOPLIST_FILE = splitskyTests/Info.plist;
				LD_RUNPATH_SEARCH_PATHS = "$(inherited) @executable_path/Frameworks @loader_path/Frameworks";
				PRODUCT_BUNDLE_IDENTIFIER = "com.artisan-software.splitskyTests";
				PRODUCT_NAME = Splitsky;
				TEST_HOST = "$(BUILT_PRODUCTS_DIR)/Splitsky.app/Splitsky";
			};
			name = Debug;
		};
		97A53F9A1D16A8B800BED436 /* Release */ = {
			isa = XCBuildConfiguration;
			buildSettings = {
				BUNDLE_LOADER = "$(TEST_HOST)";
				INFOPLIST_FILE = splitskyTests/Info.plist;
				LD_RUNPATH_SEARCH_PATHS = "$(inherited) @executable_path/Frameworks @loader_path/Frameworks";
				PRODUCT_BUNDLE_IDENTIFIER = "com.artisan-software.splitskyTests";
				PRODUCT_NAME = Splitsky;
				TEST_HOST = "$(BUILT_PRODUCTS_DIR)/Splitsky.app/Splitsky";
			};
			name = Release;
		};
		97A53F9C1D16A8B800BED436 /* Debug */ = {
			isa = XCBuildConfiguration;
			buildSettings = {
				INFOPLIST_FILE = splitskyUITests/Info.plist;
				LD_RUNPATH_SEARCH_PATHS = "$(inherited) @executable_path/Frameworks @loader_path/Frameworks";
				PRODUCT_BUNDLE_IDENTIFIER = "com.artisan-software.splitskyUITests";
				PRODUCT_NAME = Splitsky;
				TEST_TARGET_NAME = splitsky;
			};
			name = Debug;
		};
		97A53F9D1D16A8B800BED436 /* Release */ = {
			isa = XCBuildConfiguration;
			buildSettings = {
				INFOPLIST_FILE = splitskyUITests/Info.plist;
				LD_RUNPATH_SEARCH_PATHS = "$(inherited) @executable_path/Frameworks @loader_path/Frameworks";
				PRODUCT_BUNDLE_IDENTIFIER = "com.artisan-software.splitskyUITests";
				PRODUCT_NAME = Splitsky;
				TEST_TARGET_NAME = splitsky;
			};
			name = Release;
		};
/* End XCBuildConfiguration section */

/* Begin XCConfigurationList section */
		97A53F681D16A8B700BED436 /* Build configuration list for PBXProject "Splitsky" */ = {
			isa = XCConfigurationList;
			buildConfigurations = (
				97A53F931D16A8B800BED436 /* Debug */,
				97A53F941D16A8B800BED436 /* Release */,
			);
			defaultConfigurationIsVisible = 0;
			defaultConfigurationName = Release;
		};
		97A53F951D16A8B800BED436 /* Build configuration list for PBXNativeTarget "Splitsky" */ = {
			isa = XCConfigurationList;
			buildConfigurations = (
				97A53F961D16A8B800BED436 /* Debug */,
				97A53F971D16A8B800BED436 /* Release */,
			);
			defaultConfigurationIsVisible = 0;
			defaultConfigurationName = Release;
		};
		97A53F981D16A8B800BED436 /* Build configuration list for PBXNativeTarget "SplitskyTests" */ = {
			isa = XCConfigurationList;
			buildConfigurations = (
				97A53F991D16A8B800BED436 /* Debug */,
				97A53F9A1D16A8B800BED436 /* Release */,
			);
			defaultConfigurationIsVisible = 0;
			defaultConfigurationName = Release;
		};
		97A53F9B1D16A8B800BED436 /* Build configuration list for PBXNativeTarget "SplitskyUITests" */ = {
			isa = XCConfigurationList;
			buildConfigurations = (
				97A53F9C1D16A8B800BED436 /* Debug */,
				97A53F9D1D16A8B800BED436 /* Release */,
			);
			defaultConfigurationIsVisible = 0;
			defaultConfigurationName = Release;
		};
/* End XCConfigurationList section */
	};
	rootObject = 97A53F651D16A8B700BED436 /* Project object */;
}
