// !$*UTF8*$!
{
	archiveVersion = 1;
	classes = {
	};
	objectVersion = 46;
	objects = {

/* Begin PBXBuildFile section */
		972719721D5BB49800149251 /* DetailController.swift in Sources */ = {isa = PBXBuildFile; fileRef = 972719711D5BB49800149251 /* DetailController.swift */; };
		9727A4FE1D5BD2D30076F98A /* Data.swift in Sources */ = {isa = PBXBuildFile; fileRef = 9727A4FD1D5BD2D30076F98A /* Data.swift */; };
		9727A5031D5BDF0B0076F98A /* PaymentCell.swift in Sources */ = {isa = PBXBuildFile; fileRef = 9727A5011D5BDF0B0076F98A /* PaymentCell.swift */; };
		9727A5041D5BDF0B0076F98A /* DetailCell.xib in Resources */ = {isa = PBXBuildFile; fileRef = 9727A5021D5BDF0B0076F98A /* DetailCell.xib */; };
		97484F641D5DAC0A0056912B /* Payment.swift in Sources */ = {isa = PBXBuildFile; fileRef = 97484F631D5DAC0A0056912B /* Payment.swift */; };
		974CCEA81DD11612004ACF69 /* LobsterHelp.xib in Resources */ = {isa = PBXBuildFile; fileRef = 974CCEA71DD11612004ACF69 /* LobsterHelp.xib */; };
		974CCEAA1DD12352004ACF69 /* Preferences.swift in Sources */ = {isa = PBXBuildFile; fileRef = 974CCEA91DD12352004ACF69 /* Preferences.swift */; };
		974CCEAC1DD1253C004ACF69 /* Prefs.plist in Resources */ = {isa = PBXBuildFile; fileRef = 974CCEAB1DD1253C004ACF69 /* Prefs.plist */; };
		974F6E481ED1DA47007994BC /* HomeCurrencyController.swift in Sources */ = {isa = PBXBuildFile; fileRef = 974F6E471ED1DA47007994BC /* HomeCurrencyController.swift */; };
		974F6E4B1ED1DA76007994BC /* HomeCurrencyCell.swift in Sources */ = {isa = PBXBuildFile; fileRef = 974F6E491ED1DA76007994BC /* HomeCurrencyCell.swift */; };
		974F6E4C1ED1DA76007994BC /* HomeCurrencyCell.xib in Resources */ = {isa = PBXBuildFile; fileRef = 974F6E4A1ED1DA76007994BC /* HomeCurrencyCell.xib */; };
		974F6E4F1ED1DCA4007994BC /* HomeCurrencyHeaderCell.swift in Sources */ = {isa = PBXBuildFile; fileRef = 974F6E4D1ED1DCA4007994BC /* HomeCurrencyHeaderCell.swift */; };
		974F6E501ED1DCA4007994BC /* HomeCurrencyHeaderCell.xib in Resources */ = {isa = PBXBuildFile; fileRef = 974F6E4E1ED1DCA4007994BC /* HomeCurrencyHeaderCell.xib */; };
		977F23591D5DE8670054F075 /* Payments.plist in Resources */ = {isa = PBXBuildFile; fileRef = 977F23581D5DE8670054F075 /* Payments.plist */; };
		977F235B1D5DE9F00054F075 /* PaymentRepository.swift in Sources */ = {isa = PBXBuildFile; fileRef = 977F235A1D5DE9F00054F075 /* PaymentRepository.swift */; };
		977F235D1D5E38F10054F075 /* PaymentType.xib in Resources */ = {isa = PBXBuildFile; fileRef = 977F235C1D5E38F10054F075 /* PaymentType.xib */; };
		977F235F1D5E54C10054F075 /* Modal.swift in Sources */ = {isa = PBXBuildFile; fileRef = 977F235E1D5E54C10054F075 /* Modal.swift */; };
		9797AB231D7C162200D44D93 /* FrontViewController.swift in Sources */ = {isa = PBXBuildFile; fileRef = 9797AB221D7C162200D44D93 /* FrontViewController.swift */; };
		9797AB251D7C35C800D44D93 /* Util.swift in Sources */ = {isa = PBXBuildFile; fileRef = 9797AB241D7C35C800D44D93 /* Util.swift */; };
		9797AB4E1D7CB17700D44D93 /* CHARRING.ttf in Resources */ = {isa = PBXBuildFile; fileRef = 9797AB4D1D7CB17700D44D93 /* CHARRING.ttf */; };
		97A315FF1D69A93600A2A28D /* AllListsController.swift in Sources */ = {isa = PBXBuildFile; fileRef = 97A315FE1D69A93600A2A28D /* AllListsController.swift */; };
		97A316011D6A005800A2A28D /* Label.xib in Resources */ = {isa = PBXBuildFile; fileRef = 97A316001D6A005800A2A28D /* Label.xib */; };
		97A53F711D16A8B800BED436 /* AppDelegate.swift in Sources */ = {isa = PBXBuildFile; fileRef = 97A53F701D16A8B800BED436 /* AppDelegate.swift */; };
		97A53F731D16A8B800BED436 /* ViewController.swift in Sources */ = {isa = PBXBuildFile; fileRef = 97A53F721D16A8B800BED436 /* ViewController.swift */; };
		97A53F761D16A8B800BED436 /* Main.storyboard in Resources */ = {isa = PBXBuildFile; fileRef = 97A53F741D16A8B800BED436 /* Main.storyboard */; };
		97A53F781D16A8B800BED436 /* Assets.xcassets in Resources */ = {isa = PBXBuildFile; fileRef = 97A53F771D16A8B800BED436 /* Assets.xcassets */; };
		97BF29541ECF69C4000B515B /* CurrencyController.swift in Sources */ = {isa = PBXBuildFile; fileRef = 97BF29531ECF69C4000B515B /* CurrencyController.swift */; };
		97BF29591ECF6CEF000B515B /* CurrencyCell.swift in Sources */ = {isa = PBXBuildFile; fileRef = 97BF29571ECF6CEF000B515B /* CurrencyCell.swift */; };
		97BF295A1ECF6CEF000B515B /* CurrencyCell.xib in Resources */ = {isa = PBXBuildFile; fileRef = 97BF29581ECF6CEF000B515B /* CurrencyCell.xib */; };
		97BF295C1ECF7234000B515B /* Currency.swift in Sources */ = {isa = PBXBuildFile; fileRef = 97BF295B1ECF7234000B515B /* Currency.swift */; };
		97BF295E1ECF89BC000B515B /* RestClient.swift in Sources */ = {isa = PBXBuildFile; fileRef = 97BF295D1ECF89BC000B515B /* RestClient.swift */; };
		97BF29631ECF93CF000B515B /* CurrencyHeaderCell.swift in Sources */ = {isa = PBXBuildFile; fileRef = 97BF29611ECF93CF000B515B /* CurrencyHeaderCell.swift */; };
		97BF29641ECF93CF000B515B /* CurrencyHeaderCell.xib in Resources */ = {isa = PBXBuildFile; fileRef = 97BF29621ECF93CF000B515B /* CurrencyHeaderCell.xib */; };
		97BF29671ED047DF000B515B /* LabelCell.swift in Sources */ = {isa = PBXBuildFile; fileRef = 97BF29651ED047DF000B515B /* LabelCell.swift */; };
		97BF29681ED047DF000B515B /* LabelCell.xib in Resources */ = {isa = PBXBuildFile; fileRef = 97BF29661ED047DF000B515B /* LabelCell.xib */; };
		97C184111DA828EB0010FBE2 /* AllListsCell.xib in Resources */ = {isa = PBXBuildFile; fileRef = 97C184101DA828EB0010FBE2 /* AllListsCell.xib */; };
		97D716611D8748D4001EF468 /* Launch.xib in Resources */ = {isa = PBXBuildFile; fileRef = 97D716601D8748D4001EF468 /* Launch.xib */; };
/* End PBXBuildFile section */

/* Begin PBXFileReference section */
		972719711D5BB49800149251 /* DetailController.swift */ = {isa = PBXFileReference; fileEncoding = 4; lastKnownFileType = sourcecode.swift; path = DetailController.swift; sourceTree = "<group>"; };
		9727A4FD1D5BD2D30076F98A /* Data.swift */ = {isa = PBXFileReference; fileEncoding = 4; lastKnownFileType = sourcecode.swift; path = Data.swift; sourceTree = "<group>"; };
		9727A5011D5BDF0B0076F98A /* PaymentCell.swift */ = {isa = PBXFileReference; fileEncoding = 4; lastKnownFileType = sourcecode.swift; path = PaymentCell.swift; sourceTree = "<group>"; };
		9727A5021D5BDF0B0076F98A /* DetailCell.xib */ = {isa = PBXFileReference; fileEncoding = 4; lastKnownFileType = file.xib; path = DetailCell.xib; sourceTree = "<group>"; };
		97484F631D5DAC0A0056912B /* Payment.swift */ = {isa = PBXFileReference; fileEncoding = 4; lastKnownFileType = sourcecode.swift; path = Payment.swift; sourceTree = "<group>"; };
		974CCEA71DD11612004ACF69 /* LobsterHelp.xib */ = {isa = PBXFileReference; fileEncoding = 4; lastKnownFileType = file.xib; path = LobsterHelp.xib; sourceTree = "<group>"; };
		974CCEA91DD12352004ACF69 /* Preferences.swift */ = {isa = PBXFileReference; fileEncoding = 4; lastKnownFileType = sourcecode.swift; path = Preferences.swift; sourceTree = "<group>"; };
		974CCEAB1DD1253C004ACF69 /* Prefs.plist */ = {isa = PBXFileReference; fileEncoding = 4; lastKnownFileType = text.plist.xml; path = Prefs.plist; sourceTree = "<group>"; };
		974F6E471ED1DA47007994BC /* HomeCurrencyController.swift */ = {isa = PBXFileReference; fileEncoding = 4; lastKnownFileType = sourcecode.swift; path = HomeCurrencyController.swift; sourceTree = "<group>"; };
		974F6E491ED1DA76007994BC /* HomeCurrencyCell.swift */ = {isa = PBXFileReference; fileEncoding = 4; lastKnownFileType = sourcecode.swift; path = HomeCurrencyCell.swift; sourceTree = "<group>"; };
		974F6E4A1ED1DA76007994BC /* HomeCurrencyCell.xib */ = {isa = PBXFileReference; fileEncoding = 4; lastKnownFileType = file.xib; path = HomeCurrencyCell.xib; sourceTree = "<group>"; };
		974F6E4D1ED1DCA4007994BC /* HomeCurrencyHeaderCell.swift */ = {isa = PBXFileReference; fileEncoding = 4; lastKnownFileType = sourcecode.swift; path = HomeCurrencyHeaderCell.swift; sourceTree = "<group>"; };
		974F6E4E1ED1DCA4007994BC /* HomeCurrencyHeaderCell.xib */ = {isa = PBXFileReference; fileEncoding = 4; lastKnownFileType = file.xib; path = HomeCurrencyHeaderCell.xib; sourceTree = "<group>"; };
		977F23581D5DE8670054F075 /* Payments.plist */ = {isa = PBXFileReference; fileEncoding = 4; lastKnownFileType = text.plist.xml; path = Payments.plist; sourceTree = "<group>"; };
		977F235A1D5DE9F00054F075 /* PaymentRepository.swift */ = {isa = PBXFileReference; fileEncoding = 4; lastKnownFileType = sourcecode.swift; path = PaymentRepository.swift; sourceTree = "<group>"; };
		977F235C1D5E38F10054F075 /* PaymentType.xib */ = {isa = PBXFileReference; fileEncoding = 4; lastKnownFileType = file.xib; path = PaymentType.xib; sourceTree = "<group>"; };
		977F235E1D5E54C10054F075 /* Modal.swift */ = {isa = PBXFileReference; fileEncoding = 4; lastKnownFileType = sourcecode.swift; path = Modal.swift; sourceTree = "<group>"; };
		9797AB221D7C162200D44D93 /* FrontViewController.swift */ = {isa = PBXFileReference; fileEncoding = 4; lastKnownFileType = sourcecode.swift; path = FrontViewController.swift; sourceTree = "<group>"; };
		9797AB241D7C35C800D44D93 /* Util.swift */ = {isa = PBXFileReference; fileEncoding = 4; lastKnownFileType = sourcecode.swift; path = Util.swift; sourceTree = "<group>"; };
		9797AB4D1D7CB17700D44D93 /* CHARRING.ttf */ = {isa = PBXFileReference; lastKnownFileType = file; path = CHARRING.ttf; sourceTree = "<group>"; };
		97A315FE1D69A93600A2A28D /* AllListsController.swift */ = {isa = PBXFileReference; fileEncoding = 4; lastKnownFileType = sourcecode.swift; path = AllListsController.swift; sourceTree = "<group>"; };
		97A316001D6A005800A2A28D /* Label.xib */ = {isa = PBXFileReference; fileEncoding = 4; lastKnownFileType = file.xib; path = Label.xib; sourceTree = "<group>"; };
		97A53F6D1D16A8B800BED436 /* Splitsky.app */ = {isa = PBXFileReference; explicitFileType = wrapper.application; includeInIndex = 0; path = Splitsky.app; sourceTree = BUILT_PRODUCTS_DIR; };
		97A53F701D16A8B800BED436 /* AppDelegate.swift */ = {isa = PBXFileReference; lastKnownFileType = sourcecode.swift; path = AppDelegate.swift; sourceTree = "<group>"; };
		97A53F721D16A8B800BED436 /* ViewController.swift */ = {isa = PBXFileReference; lastKnownFileType = sourcecode.swift; path = ViewController.swift; sourceTree = "<group>"; };
		97A53F751D16A8B800BED436 /* Base */ = {isa = PBXFileReference; lastKnownFileType = file.storyboard; name = Base; path = Base.lproj/Main.storyboard; sourceTree = "<group>"; };
		97A53F771D16A8B800BED436 /* Assets.xcassets */ = {isa = PBXFileReference; lastKnownFileType = folder.assetcatalog; path = Assets.xcassets; sourceTree = "<group>"; };
		97A53F7C1D16A8B800BED436 /* Info.plist */ = {isa = PBXFileReference; lastKnownFileType = text.plist.xml; path = Info.plist; sourceTree = "<group>"; };
		97BF29531ECF69C4000B515B /* CurrencyController.swift */ = {isa = PBXFileReference; fileEncoding = 4; lastKnownFileType = sourcecode.swift; path = CurrencyController.swift; sourceTree = "<group>"; };
		97BF29571ECF6CEF000B515B /* CurrencyCell.swift */ = {isa = PBXFileReference; fileEncoding = 4; lastKnownFileType = sourcecode.swift; path = CurrencyCell.swift; sourceTree = "<group>"; };
		97BF29581ECF6CEF000B515B /* CurrencyCell.xib */ = {isa = PBXFileReference; fileEncoding = 4; lastKnownFileType = file.xib; path = CurrencyCell.xib; sourceTree = "<group>"; };
		97BF295B1ECF7234000B515B /* Currency.swift */ = {isa = PBXFileReference; fileEncoding = 4; lastKnownFileType = sourcecode.swift; path = Currency.swift; sourceTree = "<group>"; };
		97BF295D1ECF89BC000B515B /* RestClient.swift */ = {isa = PBXFileReference; fileEncoding = 4; lastKnownFileType = sourcecode.swift; path = RestClient.swift; sourceTree = "<group>"; };
		97BF29611ECF93CF000B515B /* CurrencyHeaderCell.swift */ = {isa = PBXFileReference; fileEncoding = 4; lastKnownFileType = sourcecode.swift; path = CurrencyHeaderCell.swift; sourceTree = "<group>"; };
		97BF29621ECF93CF000B515B /* CurrencyHeaderCell.xib */ = {isa = PBXFileReference; fileEncoding = 4; lastKnownFileType = file.xib; path = CurrencyHeaderCell.xib; sourceTree = "<group>"; };
		97BF29651ED047DF000B515B /* LabelCell.swift */ = {isa = PBXFileReference; fileEncoding = 4; lastKnownFileType = sourcecode.swift; path = LabelCell.swift; sourceTree = "<group>"; };
		97BF29661ED047DF000B515B /* LabelCell.xib */ = {isa = PBXFileReference; fileEncoding = 4; lastKnownFileType = file.xib; path = LabelCell.xib; sourceTree = "<group>"; };
		97C184101DA828EB0010FBE2 /* AllListsCell.xib */ = {isa = PBXFileReference; fileEncoding = 4; lastKnownFileType = file.xib; path = AllListsCell.xib; sourceTree = "<group>"; };
		97D716601D8748D4001EF468 /* Launch.xib */ = {isa = PBXFileReference; fileEncoding = 4; lastKnownFileType = file.xib; path = Launch.xib; sourceTree = "<group>"; };
/* End PBXFileReference section */

/* Begin PBXFrameworksBuildPhase section */
		97A53F6A1D16A8B800BED436 /* Frameworks */ = {
			isa = PBXFrameworksBuildPhase;
			buildActionMask = 2147483647;
			files = (
			);
			runOnlyForDeploymentPostprocessing = 0;
		};
/* End PBXFrameworksBuildPhase section */

/* Begin PBXGroup section */
		9797AB2C1D7CB0B700D44D93 /* Fonts */ = {
			isa = PBXGroup;
			children = (
				9797AB4D1D7CB17700D44D93 /* CHARRING.ttf */,
			);
			name = Fonts;
			sourceTree = "<group>";
		};
		97A53F641D16A8B700BED436 = {
			isa = PBXGroup;
			children = (
				97A53F6F1D16A8B800BED436 /* Splitsky */,
				97A53F6E1D16A8B800BED436 /* Products */,
			);
			sourceTree = "<group>";
		};
		97A53F6E1D16A8B800BED436 /* Products */ = {
			isa = PBXGroup;
			children = (
				97A53F6D1D16A8B800BED436 /* Splitsky.app */,
			);
			name = Products;
			sourceTree = "<group>";
		};
		97A53F6F1D16A8B800BED436 /* Splitsky */ = {
			isa = PBXGroup;
			children = (
				9797AB2C1D7CB0B700D44D93 /* Fonts */,
				97A53F771D16A8B800BED436 /* Assets.xcassets */,
				97A53F701D16A8B800BED436 /* AppDelegate.swift */,
				97A53F7C1D16A8B800BED436 /* Info.plist */,
				977F23581D5DE8670054F075 /* Payments.plist */,
				97D716601D8748D4001EF468 /* Launch.xib */,
				97A53F741D16A8B800BED436 /* Main.storyboard */,
				97C184101DA828EB0010FBE2 /* AllListsCell.xib */,
				97A316001D6A005800A2A28D /* Label.xib */,
				974CCEA71DD11612004ACF69 /* LobsterHelp.xib */,
				977F235C1D5E38F10054F075 /* PaymentType.xib */,
				9727A5021D5BDF0B0076F98A /* DetailCell.xib */,
				97BF29581ECF6CEF000B515B /* CurrencyCell.xib */,
				97BF29571ECF6CEF000B515B /* CurrencyCell.swift */,
				97BF29621ECF93CF000B515B /* CurrencyHeaderCell.xib */,
				97BF29531ECF69C4000B515B /* CurrencyController.swift */,
				97BF295B1ECF7234000B515B /* Currency.swift */,
				972719711D5BB49800149251 /* DetailController.swift */,
				977F235E1D5E54C10054F075 /* Modal.swift */,
				9797AB221D7C162200D44D93 /* FrontViewController.swift */,
				97A53F721D16A8B800BED436 /* ViewController.swift */,
				97A315FE1D69A93600A2A28D /* AllListsController.swift */,
				9727A4FD1D5BD2D30076F98A /* Data.swift */,
				9727A5011D5BDF0B0076F98A /* PaymentCell.swift */,
				97484F631D5DAC0A0056912B /* Payment.swift */,
				977F235A1D5DE9F00054F075 /* PaymentRepository.swift */,
				9797AB241D7C35C800D44D93 /* Util.swift */,
				974CCEA91DD12352004ACF69 /* Preferences.swift */,
				974CCEAB1DD1253C004ACF69 /* Prefs.plist */,
				97BF295D1ECF89BC000B515B /* RestClient.swift */,
				97BF29611ECF93CF000B515B /* CurrencyHeaderCell.swift */,
				97BF29651ED047DF000B515B /* LabelCell.swift */,
				97BF29661ED047DF000B515B /* LabelCell.xib */,
				974F6E471ED1DA47007994BC /* HomeCurrencyController.swift */,
				974F6E491ED1DA76007994BC /* HomeCurrencyCell.swift */,
				974F6E4A1ED1DA76007994BC /* HomeCurrencyCell.xib */,
				974F6E4D1ED1DCA4007994BC /* HomeCurrencyHeaderCell.swift */,
				974F6E4E1ED1DCA4007994BC /* HomeCurrencyHeaderCell.xib */,
			);
			name = Splitsky;
			path = splitsky;
			sourceTree = "<group>";
		};
/* End PBXGroup section */

/* Begin PBXNativeTarget section */
		97A53F6C1D16A8B800BED436 /* Splitsky */ = {
			isa = PBXNativeTarget;
			buildConfigurationList = 97A53F951D16A8B800BED436 /* Build configuration list for PBXNativeTarget "Splitsky" */;
			buildPhases = (
				97A53F691D16A8B800BED436 /* Sources */,
				97A53F6A1D16A8B800BED436 /* Frameworks */,
				97A53F6B1D16A8B800BED436 /* Resources */,
			);
			buildRules = (
			);
			dependencies = (
			);
			name = Splitsky;
			productName = splitsky;
			productReference = 97A53F6D1D16A8B800BED436 /* Splitsky.app */;
			productType = "com.apple.product-type.application";
		};
/* End PBXNativeTarget section */

/* Begin PBXProject section */
		97A53F651D16A8B700BED436 /* Project object */ = {
			isa = PBXProject;
			attributes = {
				LastSwiftUpdateCheck = 0730;
				LastUpgradeCheck = 0810;
				ORGANIZATIONNAME = "Spencer Ward";
				TargetAttributes = {
					97A53F6C1D16A8B800BED436 = {
						CreatedOnToolsVersion = 7.3.1;
						DevelopmentTeam = YWXKS4E5M8;
						LastSwiftMigration = 0800;
					};
				};
			};
			buildConfigurationList = 97A53F681D16A8B700BED436 /* Build configuration list for PBXProject "Splitsky" */;
			compatibilityVersion = "Xcode 3.2";
			developmentRegion = English;
			hasScannedForEncodings = 0;
			knownRegions = (
				en,
				Base,
			);
			mainGroup = 97A53F641D16A8B700BED436;
			productRefGroup = 97A53F6E1D16A8B800BED436 /* Products */;
			projectDirPath = "";
			projectRoot = "";
			targets = (
				97A53F6C1D16A8B800BED436 /* Splitsky */,
			);
		};
/* End PBXProject section */

/* Begin PBXResourcesBuildPhase section */
		97A53F6B1D16A8B800BED436 /* Resources */ = {
			isa = PBXResourcesBuildPhase;
			buildActionMask = 2147483647;
			files = (
				974F6E4C1ED1DA76007994BC /* HomeCurrencyCell.xib in Resources */,
				977F235D1D5E38F10054F075 /* PaymentType.xib in Resources */,
				97BF29641ECF93CF000B515B /* CurrencyHeaderCell.xib in Resources */,
				97A53F781D16A8B800BED436 /* Assets.xcassets in Resources */,
				97C184111DA828EB0010FBE2 /* AllListsCell.xib in Resources */,
				97D716611D8748D4001EF468 /* Launch.xib in Resources */,
				97BF295A1ECF6CEF000B515B /* CurrencyCell.xib in Resources */,
				9727A5041D5BDF0B0076F98A /* DetailCell.xib in Resources */,
				974F6E501ED1DCA4007994BC /* HomeCurrencyHeaderCell.xib in Resources */,
				97A53F761D16A8B800BED436 /* Main.storyboard in Resources */,
				974CCEA81DD11612004ACF69 /* LobsterHelp.xib in Resources */,
				9797AB4E1D7CB17700D44D93 /* CHARRING.ttf in Resources */,
				974CCEAC1DD1253C004ACF69 /* Prefs.plist in Resources */,
				977F23591D5DE8670054F075 /* Payments.plist in Resources */,
				97BF29681ED047DF000B515B /* LabelCell.xib in Resources */,
				97A316011D6A005800A2A28D /* Label.xib in Resources */,
			);
			runOnlyForDeploymentPostprocessing = 0;
		};
/* End PBXResourcesBuildPhase section */

/* Begin PBXSourcesBuildPhase section */
		97A53F691D16A8B800BED436 /* Sources */ = {
			isa = PBXSourcesBuildPhase;
			buildActionMask = 2147483647;
			files = (
				97BF29541ECF69C4000B515B /* CurrencyController.swift in Sources */,
				9797AB251D7C35C800D44D93 /* Util.swift in Sources */,
				977F235B1D5DE9F00054F075 /* PaymentRepository.swift in Sources */,
				974CCEAA1DD12352004ACF69 /* Preferences.swift in Sources */,
				97BF29591ECF6CEF000B515B /* CurrencyCell.swift in Sources */,
				974F6E4B1ED1DA76007994BC /* HomeCurrencyCell.swift in Sources */,
				974F6E4F1ED1DCA4007994BC /* HomeCurrencyHeaderCell.swift in Sources */,
				9727A5031D5BDF0B0076F98A /* PaymentCell.swift in Sources */,
				97BF29631ECF93CF000B515B /* CurrencyHeaderCell.swift in Sources */,
				97BF295C1ECF7234000B515B /* Currency.swift in Sources */,
				9797AB231D7C162200D44D93 /* FrontViewController.swift in Sources */,
				974F6E481ED1DA47007994BC /* HomeCurrencyController.swift in Sources */,
				97BF295E1ECF89BC000B515B /* RestClient.swift in Sources */,
				97A53F731D16A8B800BED436 /* ViewController.swift in Sources */,
				97484F641D5DAC0A0056912B /* Payment.swift in Sources */,
				972719721D5BB49800149251 /* DetailController.swift in Sources */,
				97A315FF1D69A93600A2A28D /* AllListsController.swift in Sources */,
				97A53F711D16A8B800BED436 /* AppDelegate.swift in Sources */,
				977F235F1D5E54C10054F075 /* Modal.swift in Sources */,
				97BF29671ED047DF000B515B /* LabelCell.swift in Sources */,
				9727A4FE1D5BD2D30076F98A /* Data.swift in Sources */,
			);
			runOnlyForDeploymentPostprocessing = 0;
		};
/* End PBXSourcesBuildPhase section */

/* Begin PBXVariantGroup section */
		97A53F741D16A8B800BED436 /* Main.storyboard */ = {
			isa = PBXVariantGroup;
			children = (
				97A53F751D16A8B800BED436 /* Base */,
			);
			name = Main.storyboard;
			sourceTree = "<group>";
		};
/* End PBXVariantGroup section */

/* Begin XCBuildConfiguration section */
		97A53F931D16A8B800BED436 /* Debug */ = {
			isa = XCBuildConfiguration;
			buildSettings = {
				ALWAYS_SEARCH_USER_PATHS = NO;
				CLANG_ANALYZER_NONNULL = YES;
				CLANG_CXX_LANGUAGE_STANDARD = "gnu++0x";
				CLANG_CXX_LIBRARY = "libc++";
				CLANG_ENABLE_MODULES = YES;
				CLANG_ENABLE_OBJC_ARC = YES;
				CLANG_WARN_BOOL_CONVERSION = YES;
				CLANG_WARN_CONSTANT_CONVERSION = YES;
				CLANG_WARN_DIRECT_OBJC_ISA_USAGE = YES_ERROR;
				CLANG_WARN_EMPTY_BODY = YES;
				CLANG_WARN_ENUM_CONVERSION = YES;
				CLANG_WARN_INFINITE_RECURSION = YES;
				CLANG_WARN_INT_CONVERSION = YES;
				CLANG_WARN_OBJC_ROOT_CLASS = YES_ERROR;
				CLANG_WARN_SUSPICIOUS_MOVE = YES;
				CLANG_WARN_UNREACHABLE_CODE = YES;
				CLANG_WARN__DUPLICATE_METHOD_MATCH = YES;
				"CODE_SIGN_IDENTITY[sdk=iphoneos*]" = "iPhone Developer";
				COPY_PHASE_STRIP = NO;
				DEBUG_INFORMATION_FORMAT = dwarf;
				ENABLE_STRICT_OBJC_MSGSEND = YES;
				ENABLE_TESTABILITY = YES;
				GCC_C_LANGUAGE_STANDARD = gnu99;
				GCC_DYNAMIC_NO_PIC = NO;
				GCC_NO_COMMON_BLOCKS = YES;
				GCC_OPTIMIZATION_LEVEL = 0;
				GCC_PREPROCESSOR_DEFINITIONS = (
					"DEBUG=1",
					"$(inherited)",
				);
				GCC_WARN_64_TO_32_BIT_CONVERSION = YES;
				GCC_WARN_ABOUT_RETURN_TYPE = YES_ERROR;
				GCC_WARN_UNDECLARED_SELECTOR = YES;
				GCC_WARN_UNINITIALIZED_AUTOS = YES_AGGRESSIVE;
				GCC_WARN_UNUSED_FUNCTION = YES;
				GCC_WARN_UNUSED_VARIABLE = YES;
				IPHONEOS_DEPLOYMENT_TARGET = 9.3;
				MTL_ENABLE_DEBUG_INFO = YES;
				ONLY_ACTIVE_ARCH = YES;
				SDKROOT = iphoneos;
				SWIFT_OPTIMIZATION_LEVEL = "-Onone";
			};
			name = Debug;
		};
		97A53F941D16A8B800BED436 /* Release */ = {
			isa = XCBuildConfiguration;
			buildSettings = {
				ALWAYS_SEARCH_USER_PATHS = NO;
				CLANG_ANALYZER_NONNULL = YES;
				CLANG_CXX_LANGUAGE_STANDARD = "gnu++0x";
				CLANG_CXX_LIBRARY = "libc++";
				CLANG_ENABLE_MODULES = YES;
				CLANG_ENABLE_OBJC_ARC = YES;
				CLANG_WARN_BOOL_CONVERSION = YES;
				CLANG_WARN_CONSTANT_CONVERSION = YES;
				CLANG_WARN_DIRECT_OBJC_ISA_USAGE = YES_ERROR;
				CLANG_WARN_EMPTY_BODY = YES;
				CLANG_WARN_ENUM_CONVERSION = YES;
				CLANG_WARN_INFINITE_RECURSION = YES;
				CLANG_WARN_INT_CONVERSION = YES;
				CLANG_WARN_OBJC_ROOT_CLASS = YES_ERROR;
				CLANG_WARN_SUSPICIOUS_MOVE = YES;
				CLANG_WARN_UNREACHABLE_CODE = YES;
				CLANG_WARN__DUPLICATE_METHOD_MATCH = YES;
				"CODE_SIGN_IDENTITY[sdk=iphoneos*]" = "iPhone Developer";
				COPY_PHASE_STRIP = NO;
				DEBUG_INFORMATION_FORMAT = "dwarf-with-dsym";
				ENABLE_NS_ASSERTIONS = NO;
				ENABLE_STRICT_OBJC_MSGSEND = YES;
				GCC_C_LANGUAGE_STANDARD = gnu99;
				GCC_NO_COMMON_BLOCKS = YES;
				GCC_WARN_64_TO_32_BIT_CONVERSION = YES;
				GCC_WARN_ABOUT_RETURN_TYPE = YES_ERROR;
				GCC_WARN_UNDECLARED_SELECTOR = YES;
				GCC_WARN_UNINITIALIZED_AUTOS = YES_AGGRESSIVE;
				GCC_WARN_UNUSED_FUNCTION = YES;
				GCC_WARN_UNUSED_VARIABLE = YES;
				IPHONEOS_DEPLOYMENT_TARGET = 9.3;
				MTL_ENABLE_DEBUG_INFO = NO;
				SDKROOT = iphoneos;
				SWIFT_OPTIMIZATION_LEVEL = "-Owholemodule";
				VALIDATE_PRODUCT = YES;
			};
			name = Release;
		};
		97A53F961D16A8B800BED436 /* Debug */ = {
			isa = XCBuildConfiguration;
			buildSettings = {
				ASSETCATALOG_COMPILER_APPICON_NAME = AppIcon;
				CODE_SIGN_IDENTITY = "iPhone Developer";
				INFOPLIST_FILE = splitsky/Info.plist;
				LD_RUNPATH_SEARCH_PATHS = "$(inherited) @executable_path/Frameworks";
				PRODUCT_BUNDLE_IDENTIFIER = Splitsky;
				PRODUCT_NAME = Splitsky;
				SWIFT_VERSION = 3.0;
			};
			name = Debug;
		};
		97A53F971D16A8B800BED436 /* Release */ = {
			isa = XCBuildConfiguration;
			buildSettings = {
				ASSETCATALOG_COMPILER_APPICON_NAME = AppIcon;
				CODE_SIGN_IDENTITY = "iPhone Developer";
				INFOPLIST_FILE = splitsky/Info.plist;
				LD_RUNPATH_SEARCH_PATHS = "$(inherited) @executable_path/Frameworks";
				PRODUCT_BUNDLE_IDENTIFIER = Splitsky;
				PRODUCT_NAME = Splitsky;
				SWIFT_VERSION = 3.0;
			};
			name = Release;
		};
/* End XCBuildConfiguration section */

/* Begin XCConfigurationList section */
		97A53F681D16A8B700BED436 /* Build configuration list for PBXProject "Splitsky" */ = {
			isa = XCConfigurationList;
			buildConfigurations = (
				97A53F931D16A8B800BED436 /* Debug */,
				97A53F941D16A8B800BED436 /* Release */,
			);
			defaultConfigurationIsVisible = 0;
			defaultConfigurationName = Release;
		};
		97A53F951D16A8B800BED436 /* Build configuration list for PBXNativeTarget "Splitsky" */ = {
			isa = XCConfigurationList;
			buildConfigurations = (
				97A53F961D16A8B800BED436 /* Debug */,
				97A53F971D16A8B800BED436 /* Release */,
			);
			defaultConfigurationIsVisible = 0;
			defaultConfigurationName = Release;
		};
/* End XCConfigurationList section */
	};
	rootObject = 97A53F651D16A8B700BED436 /* Project object */;
}
